
Microsoft Visual Studio Solution File, Format Version 12.00
# Visual Studio Version 16
VisualStudioVersion = 16.0.31727.386
MinimumVisualStudioVersion = 10.0.40219.1
Project("{FAE04EC0-301F-11D3-BF4B-00C04F79EFBC}") = "Stream2", "Stream2.csproj", "{7B957CB4-10C0-4E79-A270-D9538DA23612}"
EndProject
Global
	GlobalSection(SolutionConfigurationPlatforms) = preSolution
		Debug|Any CPU = Debug|Any CPU
		Release|Any CPU = Release|Any CPU
	EndGlobalSection
	GlobalSection(ProjectConfigurationPlatforms) = postSolution
		{7B957CB4-10C0-4E79-A270-D9538DA23612}.Debug|Any CPU.ActiveCfg = Debug|Any CPU
		{7B957CB4-10C0-4E79-A270-D9538DA23612}.Debug|Any CPU.Build.0 = Debug|Any CPU
		{7B957CB4-10C0-4E79-A270-D9538DA23612}.Release|Any CPU.ActiveCfg = Release|Any CPU
		{7B957CB4-10C0-4E79-A270-D9538DA23612}.Release|Any CPU.Build.0 = Release|Any CPU
	EndGlobalSection
	GlobalSection(SolutionProperties) = preSolution
		HideSolutionNode = FALSE
	EndGlobalSection
	GlobalSection(ExtensibilityGlobals) = postSolution
		SolutionGuid = {27D4729D-6AF0-4A85-A80F-9E7F82C522A1}
	EndGlobalSection
EndGlobal
